
Microsoft Visual Studio Solution File, Format Version 12.00
# Visual Studio Version 17
VisualStudioVersion = 17.10.35013.160
MinimumVisualStudioVersion = 10.0.40219.1
Project("{FAE04EC0-301F-11D3-BF4B-00C04F79EFBC}") = "MVC-UsingEF", "MVC-UsingEF\MVC-UsingEF.csproj", "{BDE28319-FDD4-4CC0-A296-69F2C6671C79}"
EndProject
Global
	GlobalSection(SolutionConfigurationPlatforms) = preSolution
		Debug|Any CPU = Debug|Any CPU
		Release|Any CPU = Release|Any CPU
	EndGlobalSection
	GlobalSection(ProjectConfigurationPlatforms) = postSolution
		{BDE28319-FDD4-4CC0-A296-69F2C6671C79}.Debug|Any CPU.ActiveCfg = Debug|Any CPU
		{BDE28319-FDD4-4CC0-A296-69F2C6671C79}.Debug|Any CPU.Build.0 = Debug|Any CPU
		{BDE28319-FDD4-4CC0-A296-69F2C6671C79}.Release|Any CPU.ActiveCfg = Release|Any CPU
		{BDE28319-FDD4-4CC0-A296-69F2C6671C79}.Release|Any CPU.Build.0 = Release|Any CPU
	EndGlobalSection
	GlobalSection(SolutionProperties) = preSolution
		HideSolutionNode = FALSE
	EndGlobalSection
	GlobalSection(ExtensibilityGlobals) = postSolution
		SolutionGuid = {31D80614-528B-4990-AC2E-20079B5CDABF}
	EndGlobalSection
EndGlobal
